# This file is automatically @generated by Poetry 2.3.1 and should not be changed by hand.

[[package]]
name = "isort"
version = "6.0.1"
description = "A Python utility / library to sort Python imports."
optional = false
python-versions = ">=3.9.0"
groups = ["main"]
files = [
    {file = "isort-6.0.1-py3-none-any.whl", hash = "sha256:2dc5d7f65c9678d94c88dfc29161a320eec67328bc97aad576874cb4be1e9615"},
    {file = "isort-6.0.1.tar.gz", hash = "sha256:1cb5df28dfbc742e490c5e41bad6da41b805b0a8be7bc93cd0fb2a8a890ac450"},
]

[package.extras]
colors = ["colorama"]
plugins = ["setuptools"]

[metadata]
lock-version = "2.1"
python-versions = ">=3.10"
content-hash = "e106ecf855f970e38fa60f73cd81d720d77587f97e08d22a63b2bc62dff8f7bd"
