version = 1
revision = 3
requires-python = ">=3.10"

[[package]]
name = "arrow"
version = "1.4.0"
source = { registry = "https://pypi.org/simple" }
dependencies = [
    { name = "python-dateutil" },
    { name = "tzdata" },
]
sdist = { url = "https://files.pythonhosted.org/packages/b9/33/032cdc44182491aa708d06a68b62434140d8c50820a087fac7af37703357/arrow-1.4.0.tar.gz", hash = "sha256:ed0cc050e98001b8779e84d461b0098c4ac597e88704a655582b21d116e526d7", size = 152931, upload-time = "2025-10-18T17:46:46.761Z" }
wheels = [
    { url = "https://files.pythonhosted.org/packages/ed/c9/d7977eaacb9df673210491da99e6a247e93df98c715fc43fd136ce1d3d33/arrow-1.4.0-py3-none-any.whl", hash = "sha256:749f0769958ebdc79c173ff0b0670d59051a535fa26e8eba02953dc19eb43205", size = 68797, upload-time = "2025-10-18T17:46:45.663Z" },
]

[[package]]
name = "flake8"
version = "7.3.0"
source = { registry = "https://pypi.org/simple" }
dependencies = [
    { name = "mccabe" },
    { name = "pycodestyle" },
    { name = "pyflakes" },
]
sdist = { url = "https://files.pythonhosted.org/packages/9b/af/fbfe3c4b5a657d79e5c47a2827a362f9e1b763336a52f926126aa6dc7123/flake8-7.3.0.tar.gz", hash = "sha256:fe044858146b9fc69b551a4b490d69cf960fcb78ad1edcb84e7fbb1b4a8e3872", size = 48326, upload-time = "2025-06-20T19:31:35.838Z" }
wheels = [
    { url = "https://files.pythonhosted.org/packages/9f/56/13ab06b4f93ca7cac71078fbe37fcea175d3216f31f85c3168a6bbd0bb9a/flake8-7.3.0-py2.py3-none-any.whl", hash = "sha256:b9696257b9ce8beb888cdbe31cf885c90d31928fe202be0889a7cdafad32f01e", size = 57922, upload-time = "2025-06-20T19:31:34.425Z" },
]

[[package]]
name = "foo"
version = "0.0.1"
source = { editable = "." }
dependencies = [
    { name = "arrow" },
]

[package.optional-dependencies]
dev = [
    { name = "flake8" },
]

[package.metadata]
requires-dist = [
    { name = "arrow", specifier = "==1.4.0" },
    { name = "flake8", marker = "extra == 'dev'", specifier = "==7.3.0" },
]
provides-extras = ["dev"]

[[package]]
name = "mccabe"
version = "0.7.0"
source = { registry = "https://pypi.org/simple" }
sdist = { url = "https://files.pythonhosted.org/packages/e7/ff/0ffefdcac38932a54d2b5eed4e0ba8a408f215002cd178ad1df0f2806ff8/mccabe-0.7.0.tar.gz", hash = "sha256:348e0240c33b60bbdf4e523192ef919f28cb2c3d7d5c7794f74009290f236325", size = 9658, upload-time = "2022-01-24T01:14:51.113Z" }
wheels = [
    { url = "https://files.pythonhosted.org/packages/27/1a/1f68f9ba0c207934b35b86a8ca3aad8395a3d6dd7921c0686e23853ff5a9/mccabe-0.7.0-py2.py3-none-any.whl", hash = "sha256:6c2d30ab6be0e4a46919781807b4f0d834ebdd6c6e3dca0bda5a15f863427b6e", size = 7350, upload-time = "2022-01-24T01:14:49.62Z" },
]

[[package]]
name = "pycodestyle"
version = "2.14.0"
source = { registry = "https://pypi.org/simple" }
sdist = { url = "https://files.pythonhosted.org/packages/11/e0/abfd2a0d2efe47670df87f3e3a0e2edda42f055053c85361f19c0e2c1ca8/pycodestyle-2.14.0.tar.gz", hash = "sha256:c4b5b517d278089ff9d0abdec919cd97262a3367449ea1c8b49b91529167b783", size = 39472, upload-time = "2025-06-20T18:49:48.75Z" }
wheels = [
    { url = "https://files.pythonhosted.org/packages/d7/27/a58ddaf8c588a3ef080db9d0b7e0b97215cee3a45df74f3a94dbbf5c893a/pycodestyle-2.14.0-py2.py3-none-any.whl", hash = "sha256:dd6bf7cb4ee77f8e016f9c8e74a35ddd9f67e1d5fd4184d86c3b98e07099f42d", size = 31594, upload-time = "2025-06-20T18:49:47.491Z" },
]

[[package]]
name = "pyflakes"
version = "3.4.0"
source = { registry = "https://pypi.org/simple" }
sdist = { url = "https://files.pythonhosted.org/packages/45/dc/fd034dc20b4b264b3d015808458391acbf9df40b1e54750ef175d39180b1/pyflakes-3.4.0.tar.gz", hash = "sha256:b24f96fafb7d2ab0ec5075b7350b3d2d2218eab42003821c06344973d3ea2f58", size = 64669, upload-time = "2025-06-20T18:45:27.834Z" }
wheels = [
    { url = "https://files.pythonhosted.org/packages/c2/2f/81d580a0fb83baeb066698975cb14a618bdbed7720678566f1b046a95fe8/pyflakes-3.4.0-py2.py3-none-any.whl", hash = "sha256:f742a7dbd0d9cb9ea41e9a24a918996e8170c799fa528688d40dd582c8265f4f", size = 63551, upload-time = "2025-06-20T18:45:26.937Z" },
]

[[package]]
name = "python-dateutil"
version = "2.9.0.post0"
source = { registry = "https://pypi.org/simple" }
dependencies = [
    { name = "six" },
]
sdist = { url = "https://files.pythonhosted.org/packages/66/c0/0c8b6ad9f17a802ee498c46e004a0eb49bc148f2fd230864601a86dcf6db/python-dateutil-2.9.0.post0.tar.gz", hash = "sha256:37dd54208da7e1cd875388217d5e00ebd4179249f90fb72437e91a35459a0ad3", size = 342432, upload-time = "2024-03-01T18:36:20.211Z" }
wheels = [
    { url = "https://files.pythonhosted.org/packages/ec/57/56b9bcc3c9c6a792fcbaf139543cee77261f3651ca9da0c93f5c1221264b/python_dateutil-2.9.0.post0-py2.py3-none-any.whl", hash = "sha256:a8b2bc7bffae282281c8140a97d3aa9c14da0b136dfe83f850eea9a5f7470427", size = 229892, upload-time = "2024-03-01T18:36:18.57Z" },
]

[[package]]
name = "six"
version = "1.17.0"
source = { registry = "https://pypi.org/simple" }
sdist = { url = "https://files.pythonhosted.org/packages/94/e7/b2c673351809dca68a0e064b6af791aa332cf192da575fd474ed7d6f16a2/six-1.17.0.tar.gz", hash = "sha256:ff70335d468e7eb6ec65b95b99d3a2836546063f63acc5171de367e834932a81", size = 34031, upload-time = "2024-12-04T17:35:28.174Z" }
wheels = [
    { url = "https://files.pythonhosted.org/packages/b7/ce/149a00dd41f10bc29e5921b496af8b574d8413afcd5e30dfa0ed46c2cc5e/six-1.17.0-py2.py3-none-any.whl", hash = "sha256:4721f391ed90541fddacab5acf947aa0d3dc7d27b2e1e8eda2be8970586c3274", size = 11050, upload-time = "2024-12-04T17:35:26.475Z" },
]

[[package]]
name = "tzdata"
version = "2025.2"
source = { registry = "https://pypi.org/simple" }
sdist = { url = "https://files.pythonhosted.org/packages/95/32/1a225d6164441be760d75c2c42e2780dc0873fe382da3e98a2e1e48361e5/tzdata-2025.2.tar.gz", hash = "sha256:b60a638fcc0daffadf82fe0f57e53d06bdec2f36c4df66280ae79bce6bd6f2b9", size = 196380, upload-time = "2025-03-23T13:54:43.652Z" }
wheels = [
    { url = "https://files.pythonhosted.org/packages/5c/23/c7abc0ca0a1526a0774eca151daeb8de62ec457e77262b66b359c3c7679e/tzdata-2025.2-py2.py3-none-any.whl", hash = "sha256:1a403fada01ff9221ca8044d701868fa132215d84beb92242d9acd2147f667a8", size = 347839, upload-time = "2025-03-23T13:54:41.845Z" },
]
